
Microsoft Visual Studio Solution File, Format Version 12.00
Project("{2150E333-8FDC-42A3-9474-1A3956D46DE8}") = "src", "src", "{A439215C-AF0F-4C7C-BF36-F47C56EB4670}"
EndProject
Project("{2150E333-8FDC-42A3-9474-1A3956D46DE8}") = "tests", "tests", "{C498A749-D59F-40DF-897F-199B91C87CA4}"
EndProject
Project("{FAE04EC0-301F-11D3-BF4B-00C04F79EFBC}") = "Domain", "src\Domain\Domain.csproj", "{331F4EE6-F39C-4A92-AB6C-6F7A777C64D5}"
EndProject
Project("{FAE04EC0-301F-11D3-BF4B-00C04F79EFBC}") = "Application", "src\Application\Application.csproj", "{E0C04FDA-6069-42E6-BA09-D742C4A26735}"
EndProject
Project("{FAE04EC0-301F-11D3-BF4B-00C04F79EFBC}") = "Persistence", "src\Persistence\Persistence.csproj", "{43528D45-8B12-47DE-A112-760FEE13FA50}"
EndProject
Project("{FAE04EC0-301F-11D3-BF4B-00C04F79EFBC}") = "Infrastructure", "src\Infrastructure\Infrastructure.csproj", "{9341EA5E-87B2-46B9-989E-AA7BA6B38E48}"
EndProject
Project("{FAE04EC0-301F-11D3-BF4B-00C04F79EFBC}") = "Presentation", "src\Presentation\Presentation.csproj", "{FE1C0BEF-D71C-4017-BB5C-CEADAD6C93E1}"
EndProject
Global
	GlobalSection(SolutionConfigurationPlatforms) = preSolution
		Debug|Any CPU = Debug|Any CPU
		Release|Any CPU = Release|Any CPU
	EndGlobalSection
	GlobalSection(NestedProjects) = preSolution
		{331F4EE6-F39C-4A92-AB6C-6F7A777C64D5} = {A439215C-AF0F-4C7C-BF36-F47C56EB4670}
		{E0C04FDA-6069-42E6-BA09-D742C4A26735} = {A439215C-AF0F-4C7C-BF36-F47C56EB4670}
		{43528D45-8B12-47DE-A112-760FEE13FA50} = {A439215C-AF0F-4C7C-BF36-F47C56EB4670}
		{9341EA5E-87B2-46B9-989E-AA7BA6B38E48} = {A439215C-AF0F-4C7C-BF36-F47C56EB4670}
		{FE1C0BEF-D71C-4017-BB5C-CEADAD6C93E1} = {A439215C-AF0F-4C7C-BF36-F47C56EB4670}
	EndGlobalSection
	GlobalSection(ProjectConfigurationPlatforms) = postSolution
		{331F4EE6-F39C-4A92-AB6C-6F7A777C64D5}.Debug|Any CPU.ActiveCfg = Debug|Any CPU
		{331F4EE6-F39C-4A92-AB6C-6F7A777C64D5}.Debug|Any CPU.Build.0 = Debug|Any CPU
		{331F4EE6-F39C-4A92-AB6C-6F7A777C64D5}.Release|Any CPU.ActiveCfg = Release|Any CPU
		{331F4EE6-F39C-4A92-AB6C-6F7A777C64D5}.Release|Any CPU.Build.0 = Release|Any CPU
		{E0C04FDA-6069-42E6-BA09-D742C4A26735}.Debug|Any CPU.ActiveCfg = Debug|Any CPU
		{E0C04FDA-6069-42E6-BA09-D742C4A26735}.Debug|Any CPU.Build.0 = Debug|Any CPU
		{E0C04FDA-6069-42E6-BA09-D742C4A26735}.Release|Any CPU.ActiveCfg = Release|Any CPU
		{E0C04FDA-6069-42E6-BA09-D742C4A26735}.Release|Any CPU.Build.0 = Release|Any CPU
		{43528D45-8B12-47DE-A112-760FEE13FA50}.Debug|Any CPU.ActiveCfg = Debug|Any CPU
		{43528D45-8B12-47DE-A112-760FEE13FA50}.Debug|Any CPU.Build.0 = Debug|Any CPU
		{43528D45-8B12-47DE-A112-760FEE13FA50}.Release|Any CPU.ActiveCfg = Release|Any CPU
		{43528D45-8B12-47DE-A112-760FEE13FA50}.Release|Any CPU.Build.0 = Release|Any CPU
		{9341EA5E-87B2-46B9-989E-AA7BA6B38E48}.Debug|Any CPU.ActiveCfg = Debug|Any CPU
		{9341EA5E-87B2-46B9-989E-AA7BA6B38E48}.Debug|Any CPU.Build.0 = Debug|Any CPU
		{9341EA5E-87B2-46B9-989E-AA7BA6B38E48}.Release|Any CPU.ActiveCfg = Release|Any CPU
		{9341EA5E-87B2-46B9-989E-AA7BA6B38E48}.Release|Any CPU.Build.0 = Release|Any CPU
		{FE1C0BEF-D71C-4017-BB5C-CEADAD6C93E1}.Debug|Any CPU.ActiveCfg = Debug|Any CPU
		{FE1C0BEF-D71C-4017-BB5C-CEADAD6C93E1}.Debug|Any CPU.Build.0 = Debug|Any CPU
		{FE1C0BEF-D71C-4017-BB5C-CEADAD6C93E1}.Release|Any CPU.ActiveCfg = Release|Any CPU
		{FE1C0BEF-D71C-4017-BB5C-CEADAD6C93E1}.Release|Any CPU.Build.0 = Release|Any CPU
	EndGlobalSection
EndGlobal
